
Microsoft Visual Studio Solution File, Format Version 12.00
# Visual Studio Version 16
VisualStudioVersion = 16.0.31911.196
MinimumVisualStudioVersion = 10.0.40219.1
Project("{FAE04EC0-301F-11D3-BF4B-00C04F79EFBC}") = "CarAppProject4", "CarAppProject4\CarAppProject4.csproj", "{9637B127-DFDC-4564-9B6F-DDE646397C64}"
EndProject
Global
	GlobalSection(SolutionConfigurationPlatforms) = preSolution
		Debug|Any CPU = Debug|Any CPU
		Release|Any CPU = Release|Any CPU
	EndGlobalSection
	GlobalSection(ProjectConfigurationPlatforms) = postSolution
		{9637B127-DFDC-4564-9B6F-DDE646397C64}.Debug|Any CPU.ActiveCfg = Debug|Any CPU
		{9637B127-DFDC-4564-9B6F-DDE646397C64}.Debug|Any CPU.Build.0 = Debug|Any CPU
		{9637B127-DFDC-4564-9B6F-DDE646397C64}.Release|Any CPU.ActiveCfg = Release|Any CPU
		{9637B127-DFDC-4564-9B6F-DDE646397C64}.Release|Any CPU.Build.0 = Release|Any CPU
	EndGlobalSection
	GlobalSection(SolutionProperties) = preSolution
		HideSolutionNode = FALSE
	EndGlobalSection
	GlobalSection(ExtensibilityGlobals) = postSolution
		SolutionGuid = {04732FCC-E4F1-4F09-9403-A1CBE6E31ED4}
	EndGlobalSection
EndGlobal
